<?xml version="1.0" encoding="utf-8"?>
<Project ToolsVersion="4.0" xmlns="http://schemas.microsoft.com/developer/msbuild/2003">
  <ItemGroup>
    <Filter Include="File di origine">
      <UniqueIdentifier>{4FC737F1-C7A5-4376-A066-2A32D752A2FF}</UniqueIdentifier>
      <Extensions>cpp;c;cc;cxx;c++;cppm;ixx;def;odl;idl;hpj;bat;asm;asmx</Extensions>
    </Filter>
    <Filter Include="File di intestazione">
      <UniqueIdentifier>{93995380-89BD-4b04-88EB-625FBE52EBFB}</UniqueIdentifier>
      <Extensions>h;hh;hpp;hxx;h++;hm;inl;inc;ipp;xsd</Extensions>
    </Filter>
    <Filter Include="File di risorse">
      <UniqueIdentifier>{67DA6AB6-F800-4c08-8B7A-83BB121AAD01}</UniqueIdentifier>
      <Extensions>rc;ico;cur;bmp;dlg;rc2;rct;bin;rgs;gif;jpg;jpeg;jpe;resx;tiff;tif;png;wav;mfcribbon-ms</Extensions>
    </Filter>
  </ItemGroup>
  <ItemGroup>
    <ClCompile Include="textile_inference_gpu.cpp">
      <Filter>File di origine</Filter>
    </ClCompile>
    <ClCompile Include="PerformanceMetrics.cpp">
      <Filter>File di origine</Filter>
    </ClCompile>
    <ClCompile Include="AsyncLogger.cpp">
      <Filter>File di origine</Filter>
    </ClCompile>
    <ClCompile Include="IniConfig.cpp">
      <Filter>File di origine</Filter>
    </ClCompile>
    <ClCompile Include="RollingAverage.cpp">
      <Filter>File di origine</Filter>
    </ClCompile>
    <ClCompile Include="LogRecord.cpp">
      <Filter>File di origine</Filter>
    </ClCompile>
    <ClCompile Include="RealTimeConfig.cpp">
      <Filter>File di origine</Filter>
    </ClCompile>
    <ClCompile Include="ContractMetadata.cpp">
      <Filter>File di origine</Filter>
    </ClCompile>
    <ClCompile Include="AntialiasResizer.cpp">
      <Filter>File di origine</Filter>
    </ClCompile>
    <ClCompile Include="MmfFrameSource.cpp">
      <Filter>File di origine</Filter>
    </ClCompile>
    <ClCompile Include="RawFrame.cpp">
      <Filter>File di origine</Filter>
    </ClCompile>
    <ClCompile Include="PatchLayout.cpp">
      <Filter>File di origine</Filter>
    </ClCompile>
    <ClCompile Include="OrtSession.cpp">
      <Filter>File di origine</Filter>
    </ClCompile>
    <ClCompile Include="PipelineConfig.cpp">
      <Filter>File di origine</Filter>
    </ClCompile>
    <ClCompile Include="PipelineSlot.cpp">
      <Filter>File di origine</Filter>
    </ClCompile>
    <ClCompile Include="Stages.cpp">
      <Filter>File di origine</Filter>
    </ClCompile>
    <ClCompile Include="AppConfig.cpp">
      <Filter>File di origine</Filter>
    </ClCompile>
  </ItemGroup>
  <ItemGroup>
    <ClInclude Include="RingBuffer.h">
      <Filter>File di intestazione</Filter>
    </ClInclude>
    <ClInclude Include="PerformanceMetrics.h">
      <Filter>File di intestazione</Filter>
    </ClInclude>
    <ClInclude Include="AsyncLogger.h">
      <Filter>File di intestazione</Filter>
    </ClInclude>
    <ClInclude Include="IniConfig.h">
      <Filter>File di intestazione</Filter>
    </ClInclude>
    <ClInclude Include="SimpleIni.h">
      <Filter>File di intestazione</Filter>
    </ClInclude>
    <ClInclude Include="RollingAverage.h">
      <Filter>File di intestazione</Filter>
    </ClInclude>
    <ClInclude Include="LogRecord.h">
      <Filter>File di intestazione</Filter>
    </ClInclude>
    <ClInclude Include="RealTimeConfig.h">
      <Filter>File di intestazione</Filter>
    </ClInclude>
    <ClInclude Include="ContractMetadata.h">
      <Filter>File di intestazione</Filter>
    </ClInclude>
    <ClInclude Include="AntialiasResizer.h">
      <Filter>File di intestazione</Filter>
    </ClInclude>
    <ClInclude Include="SharedFrameContract.h">
      <Filter>File di intestazione</Filter>
    </ClInclude>
    <ClInclude Include="MmfFrameSource.h">
      <Filter>File di intestazione</Filter>
    </ClInclude>
    <ClInclude Include="RawFrame.h">
      <Filter>File di intestazione</Filter>
    </ClInclude>
    <ClInclude Include="PatchLayout.h">
      <Filter>File di intestazione</Filter>
    </ClInclude>
    <ClInclude Include="OrtSession.h">
      <Filter>File di intestazione</Filter>
    </ClInclude>
    <ClInclude Include="PipelineConfig.h">
      <Filter>File di intestazione</Filter>
    </ClInclude>
    <ClInclude Include="PipelineSlot.h">
      <Filter>File di intestazione</Filter>
    </ClInclude>
    <ClInclude Include="Stages.h">
      <Filter>File di intestazione</Filter>
    </ClInclude>
    <ClInclude Include="AppConfig.h">
      <Filter>File di intestazione</Filter>
    </ClInclude>
    <ClInclude Include="ResultSink.h">
      <Filter>File di intestazione</Filter>
    </ClInclude>
  </ItemGroup>
  <ItemGroup>
    <None Include="RingBuffer.tpp">
      <Filter>File di origine</Filter>
    </None>
  </ItemGroup>
</Project>